
Microsoft Visual Studio Solution File, Format Version 12.00
# Visual Studio Version 16
VisualStudioVersion = 16.0.29209.62
MinimumVisualStudioVersion = 10.0.40219.1
Project("{F184B08F-C81C-45F6-A57F-5ABD9991F28F}") = "Records", "Records.vbproj", "{91E05896-0D99-46E5-BB07-77E51F893A6F}"
EndProject
Global
	GlobalSection(SolutionConfigurationPlatforms) = preSolution
		Debug|Any CPU = Debug|Any CPU
		Release|Any CPU = Release|Any CPU
	EndGlobalSection
	GlobalSection(ProjectConfigurationPlatforms) = postSolution
		{91E05896-0D99-46E5-BB07-77E51F893A6F}.Debug|Any CPU.ActiveCfg = Debug|Any CPU
		{91E05896-0D99-46E5-BB07-77E51F893A6F}.Debug|Any CPU.Build.0 = Debug|Any CPU
		{91E05896-0D99-46E5-BB07-77E51F893A6F}.Release|Any CPU.ActiveCfg = Release|Any CPU
		{91E05896-0D99-46E5-BB07-77E51F893A6F}.Release|Any CPU.Build.0 = Release|Any CPU
	EndGlobalSection
	GlobalSection(SolutionProperties) = preSolution
		HideSolutionNode = FALSE
	EndGlobalSection
	GlobalSection(ExtensibilityGlobals) = postSolution
		SolutionGuid = {7B17FAF8-C0A2-40D7-8B50-88587938B895}
	EndGlobalSection
EndGlobal
